<?xml version="1.0" encoding="utf-8"?>
<Project ToolsVersion="4.0" xmlns="http://schemas.microsoft.com/developer/msbuild/2003">
  <ItemGroup>
    <Filter Include="Исходные файлы">
      <UniqueIdentifier>{4FC737F1-C7A5-4376-A066-2A32D752A2FF}</UniqueIdentifier>
      <Extensions>cpp;c;cc;cxx;c++;cppm;ixx;def;odl;idl;hpj;bat;asm;asmx</Extensions>
    </Filter>
    <Filter Include="Файлы заголовков">
      <UniqueIdentifier>{93995380-89BD-4b04-88EB-625FBE52EBFB}</UniqueIdentifier>
      <Extensions>h;hh;hpp;hxx;h++;hm;inl;inc;ipp;xsd</Extensions>
    </Filter>
    <Filter Include="Файлы ресурсов">
      <UniqueIdentifier>{67DA6AB6-F800-4c08-8B7A-83BB121AAD01}</UniqueIdentifier>
      <Extensions>rc;ico;cur;bmp;dlg;rc2;rct;bin;rgs;gif;jpg;jpeg;jpe;resx;tiff;tif;png;wav;mfcribbon-ms</Extensions>
    </Filter>
    <Filter Include="Файлы заголовков\SFML">
      <UniqueIdentifier>{456df7e4-cd54-4d8d-b3d5-807ec416289b}</UniqueIdentifier>
    </Filter>
    <Filter Include="Исходные файлы\SFML">
      <UniqueIdentifier>{e0646de6-c275-48ce-a6a5-930ee19adc7d}</UniqueIdentifier>
    </Filter>
  </ItemGroup>
  <ItemGroup>
    <ClCompile Include="Source.cpp">
      <Filter>Исходные файлы</Filter>
    </ClCompile>
    <ClCompile Include="Textbox.cpp">
      <Filter>Исходные файлы\SFML</Filter>
    </ClCompile>
    <ClCompile Include="SFMLElements.h">
      <Filter>Файлы заголовков\SFML</Filter>
    </ClCompile>
    <ClCompile Include="Settings.cpp">
      <Filter>Исходные файлы</Filter>
    </ClCompile>
    <ClCompile Include="DisjunctiveComponent.cpp">
      <Filter>Исходные файлы</Filter>
    </ClCompile>
    <ClCompile Include="MinimalDisjunctive.cpp">
      <Filter>Исходные файлы</Filter>
    </ClCompile>
    <ClCompile Include="AnswersWindow.cpp">
      <Filter>Исходные файлы\SFML</Filter>
    </ClCompile>
    <ClCompile Include="Button.cpp">
      <Filter>Исходные файлы\SFML</Filter>
    </ClCompile>
    <ClCompile Include="SFMLElements.cpp">
      <Filter>Исходные файлы\SFML</Filter>
    </ClCompile>
  </ItemGroup>
  <ItemGroup>
    <ClInclude Include="Settings.h">
      <Filter>Файлы заголовков</Filter>
    </ClInclude>
    <ClInclude Include="Button.h">
      <Filter>Файлы заголовков\SFML</Filter>
    </ClInclude>
    <ClInclude Include="Textbox.h">
      <Filter>Файлы заголовков\SFML</Filter>
    </ClInclude>
    <ClInclude Include="DisjunctiveComponent.h">
      <Filter>Файлы заголовков</Filter>
    </ClInclude>
    <ClInclude Include="MinimalDisjunctive.h">
      <Filter>Файлы заголовков</Filter>
    </ClInclude>
    <ClInclude Include="AnswersWindow.h">
      <Filter>Файлы заголовков\SFML</Filter>
    </ClInclude>
  </ItemGroup>
</Project>